
Microsoft Visual Studio Solution File, Format Version 12.00
# Visual Studio 15
VisualStudioVersion = 15.0.28307.1169
MinimumVisualStudioVersion = 10.0.40219.1
Project("{FAE04EC0-301F-11D3-BF4B-00C04F79EFBC}") = "WebApplication1", "WebApplication1\WebApplication1.csproj", "{A1C6B6B4-C1F8-4462-9910-D1E26A8612AB}"
EndProject
Global
	GlobalSection(SolutionConfigurationPlatforms) = preSolution
		Debug|Any CPU = Debug|Any CPU
		Release|Any CPU = Release|Any CPU
	EndGlobalSection
	GlobalSection(ProjectConfigurationPlatforms) = postSolution
		{A1C6B6B4-C1F8-4462-9910-D1E26A8612AB}.Debug|Any CPU.ActiveCfg = Debug|Any CPU
		{A1C6B6B4-C1F8-4462-9910-D1E26A8612AB}.Debug|Any CPU.Build.0 = Debug|Any CPU
		{A1C6B6B4-C1F8-4462-9910-D1E26A8612AB}.Release|Any CPU.ActiveCfg = Release|Any CPU
		{A1C6B6B4-C1F8-4462-9910-D1E26A8612AB}.Release|Any CPU.Build.0 = Release|Any CPU
	EndGlobalSection
	GlobalSection(SolutionProperties) = preSolution
		HideSolutionNode = FALSE
	EndGlobalSection
	GlobalSection(ExtensibilityGlobals) = postSolution
		SolutionGuid = {AC263437-5EDE-40DC-965A-E8F50F334263}
	EndGlobalSection
EndGlobal
